{
  "name": "md2html",
  "version": "1.0.0",
  "lockfileVersion": 3,
  "requires": true,
  "packages": {
    "": {
      "name": "md2html",
      "version": "1.0.0",
      "license": "ISC",
      "dependencies": {
        "front-matter": "^4.0.2",
        "highlight.js": "^11.8.0",
        "marked": "^7.0.4",
        "marked-admonition-extension": "^0.0.4",
        "marked-alert": "^2.0.1",
        "marked-bidi": "^1.0.4",
        "marked-extended-tables": "^1.0.6",
        "marked-gfm-heading-id": "^3.0.6",
        "marked-highlight": "^2.0.4",
        "nomnoml": "^1.6.2"
      }
    },
    "node_modules/@types/marked": {
      "version": "4.3.2",
      "resolved": "https://registry.npmjs.org/@types/marked/-/marked-4.3.2.tgz",
      "integrity": "sha512-a79Yc3TOk6dGdituy8hmTTJXjOkZ7zsFYV10L337ttq/rec8lRMDBpV7fL3uLx6TgbFCa5DU/h8FmIBQPSbU0w=="
    },
    "node_modules/@types/node": {
      "version": "18.19.2",
      "resolved": "https://registry.npmjs.org/@types/node/-/node-18.19.2.tgz",
      "integrity": "sha512-6wzfBdbWpe8QykUkXBjtmO3zITA0A3FIjoy+in0Y2K4KrCiRhNYJIdwAPDffZ3G6GnaKaSLSEa9ZuORLfEoiwg==",
      "dependencies": {
        "undici-types": "~5.26.4"
      }
    },
    "node_modules/argparse": {
      "version": "1.0.10",
      "resolved": "https://registry.npmjs.org/argparse/-/argparse-1.0.10.tgz",
      "integrity": "sha512-o5Roy6tNG4SL/FOkCAN6RzjiakZS25RLYFrcMttJqbdd8BWrnA+fGz57iN5Pb06pvBGvl5gQ0B48dJlslXvoTg==",
      "dependencies": {
        "sprintf-js": "~1.0.2"
      }
    },
    "node_modules/esprima": {
      "version": "4.0.1",
      "resolved": "https://registry.npmjs.org/esprima/-/esprima-4.0.1.tgz",
      "integrity": "sha512-eGuFFw7Upda+g4p+QHvnW0RyTX/SVeJBDM/gCtMARO0cLuT2HcEKnTPvhjV6aGeqrCB/sbNop0Kszm0jsaWU4A==",
      "bin": {
        "esparse": "bin/esparse.js",
        "esvalidate": "bin/esvalidate.js"
      },
      "engines": {
        "node": ">=4"
      }
    },
    "node_modules/front-matter": {
      "version": "4.0.2",
      "resolved": "https://registry.npmjs.org/front-matter/-/front-matter-4.0.2.tgz",
      "integrity": "sha512-I8ZuJ/qG92NWX8i5x1Y8qyj3vizhXS31OxjKDu3LKP+7/qBgfIKValiZIEwoVoJKUHlhWtYrktkxV1XsX+pPlg==",
      "dependencies": {
        "js-yaml": "^3.13.1"
      }
    },
    "node_modules/github-slugger": {
      "version": "2.0.0",
      "resolved": "https://registry.npmjs.org/github-slugger/-/github-slugger-2.0.0.tgz",
      "integrity": "sha512-IaOQ9puYtjrkq7Y0Ygl9KDZnrf/aiUJYUpVf89y8kyaxbRG7Y1SrX/jaumrv81vc61+kiMempujsM3Yw7w5qcw=="
    },
    "node_modules/graphre": {
      "version": "0.1.3",
      "resolved": "https://registry.npmjs.org/graphre/-/graphre-0.1.3.tgz",
      "integrity": "sha512-F4OO/+BQj3R2UB3PQOGLgdAUy+SQuwy2A5cVGELAQDJlloSyyHqRe60ESFouRf8W0K+sm6gtWKotOwZoX3BL8w=="
    },
    "node_modules/highlight.js": {
      "version": "11.9.0",
      "resolved": "https://registry.npmjs.org/highlight.js/-/highlight.js-11.9.0.tgz",
      "integrity": "sha512-fJ7cW7fQGCYAkgv4CPfwFHrfd/cLS4Hau96JuJ+ZTOWhjnhoeN1ub1tFmALm/+lW5z4WCAuAV9bm05AP0mS6Gw==",
      "engines": {
        "node": ">=12.0.0"
      }
    },
    "node_modules/js-yaml": {
      "version": "3.14.1",
      "resolved": "https://registry.npmjs.org/js-yaml/-/js-yaml-3.14.1.tgz",
      "integrity": "sha512-okMH7OXXJ7YrN9Ok3/SXrnu4iX9yOk+25nqX4imS2npuvTYDmo/QEZoqwZkYaIDk3jVvBOTOIEgEhaLOynBS9g==",
      "dependencies": {
        "argparse": "^1.0.7",
        "esprima": "^4.0.0"
      },
      "bin": {
        "js-yaml": "bin/js-yaml.js"
      }
    },
    "node_modules/marked": {
      "version": "7.0.5",
      "resolved": "https://registry.npmjs.org/marked/-/marked-7.0.5.tgz",
      "integrity": "sha512-lwNAFTfXgqpt/XvK17a/8wY9/q6fcSPZT1aP6QW0u74VwaJF/Z9KbRcX23sWE4tODM+AolJNcUtErTkgOeFP/Q==",
      "bin": {
        "marked": "bin/marked.js"
      },
      "engines": {
        "node": ">= 16"
      }
    },
    "node_modules/marked-admonition-extension": {
      "version": "0.0.4",
      "resolved": "https://registry.npmjs.org/marked-admonition-extension/-/marked-admonition-extension-0.0.4.tgz",
      "integrity": "sha512-dGVTDy0G5y2CvMdOEltFTy+7l2JGJhcHoLbU3hfNRSXDme/7qnRHag+d3rUHMJbl278kOzdalegCJ/PLcEUWUQ==",
      "dependencies": {
        "@types/marked": "^4.0.7",
        "@types/node": "^18.7.18"
      }
    },
    "node_modules/marked-alert": {
      "version": "2.0.1",
      "resolved": "https://registry.npmjs.org/marked-alert/-/marked-alert-2.0.1.tgz",
      "integrity": "sha512-dREhBjpPEN87b5AdlpETVoEpYiROQJ2M01sqjvQetKqpfi92BQRfSFKPIEkm90RnMpv5CFLNpWfGO6bx+tnayQ==",
      "peerDependencies": {
        "marked": ">=7.0.0"
      }
    },
    "node_modules/marked-bidi": {
      "version": "1.0.7",
      "resolved": "https://registry.npmjs.org/marked-bidi/-/marked-bidi-1.0.7.tgz",
      "integrity": "sha512-ho6/becRNkZLCCHOdbLGEM7ZLUcQkNkhZ5IcuZTgj+sIu8skUG0eg3bCwK4ys4vrp5F11kfab21RSCWBwPhYSA==",
      "peerDependencies": {
        "marked": ">= 4 < 11"
      }
    },
    "node_modules/marked-extended-tables": {
      "version": "1.0.7",
      "resolved": "https://registry.npmjs.org/marked-extended-tables/-/marked-extended-tables-1.0.7.tgz",
      "integrity": "sha512-DwURXYCPxhIdEP6y0rI9Od3qPM6ieXK7ce6hqR0/9MpkSmBUMrrBtoH3fMp6+oEXjfmIq4YBGPi9Ios80N3Q2w==",
      "peerDependencies": {
        "marked": ">=3 <10"
      }
    },
    "node_modules/marked-gfm-heading-id": {
      "version": "3.1.1",
      "resolved": "https://registry.npmjs.org/marked-gfm-heading-id/-/marked-gfm-heading-id-3.1.1.tgz",
      "integrity": "sha512-PATvg4bpYxYY7SiTkknZWNiuKtfgpIctCHsbCHZiEUB+7eZ6SjGMlpL//X0JzE3/Z9B9aqLgQS9UTMFfYs6CEg==",
      "dependencies": {
        "github-slugger": "^2.0.0"
      },
      "peerDependencies": {
        "marked": ">=4 <11"
      }
    },
    "node_modules/marked-highlight": {
      "version": "2.0.7",
      "resolved": "https://registry.npmjs.org/marked-highlight/-/marked-highlight-2.0.7.tgz",
      "integrity": "sha512-3IjgV879kEihgjWwVv8HGDkyuKDyR8hssDEjMUAH5LNVhIcZge+u6UKhxPA+daEVMVZeKEHo5gWrLVlLPF1m3g==",
      "peerDependencies": {
        "marked": ">=4 <11"
      }
    },
    "node_modules/nomnoml": {
      "version": "1.6.2",
      "resolved": "https://registry.npmjs.org/nomnoml/-/nomnoml-1.6.2.tgz",
      "integrity": "sha512-R3dA3FS8txilobpd2ZdnCuEwmXYYljxza2wR41YE/cIHMbt0eXsjlXHlAsD+F/fVe536f0WkAQ+VQFRC3hPZCA==",
      "dependencies": {
        "graphre": "^0.1.3",
        "nomnoml": "^1.5.3"
      },
      "bin": {
        "nomnoml": "dist/nomnoml-cli.js"
      }
    },
    "node_modules/sprintf-js": {
      "version": "1.0.3",
      "resolved": "https://registry.npmjs.org/sprintf-js/-/sprintf-js-1.0.3.tgz",
      "integrity": "sha512-D9cPgkvLlV3t3IzL0D0YLvGA9Ahk4PcvVwUbN0dSGr1aP0Nrt4AEnTUbuGvquEC0mA64Gqt1fzirlRs5ibXx8g=="
    },
    "node_modules/undici-types": {
      "version": "5.26.5",
      "resolved": "https://registry.npmjs.org/undici-types/-/undici-types-5.26.5.tgz",
      "integrity": "sha512-JlCMO+ehdEIKqlFxk6IfVoAUVmgz7cU7zD/h9XZ0qzeosSHmUJVOzSQvvYSYWXkFXC+IfLKSIffhv0sVZup6pA=="
    }
  }
}
